// !$*UTF8*$!
{
	archiveVersion = 1;
	classes = {
	};
	objectVersion = 46;
	objects = {

/* Begin PBXBuildFile section */
		095448741B6355D4001ECD22 /* AudioToolbox.framework in Frameworks */ = {isa = PBXBuildFile; fileRef = 095448731B6355D4001ECD22 /* AudioToolbox.framework */; };
		095448761B6355D9001ECD22 /* CFNetwork.framework in Frameworks */ = {isa = PBXBuildFile; fileRef = 095448751B6355D9001ECD22 /* CFNetwork.framework */; };
		095448781B6355DF001ECD22 /* CoreGraphics.framework in Frameworks */ = {isa = PBXBuildFile; fileRef = 095448771B6355DF001ECD22 /* CoreGraphics.framework */; };
		0954487A1B6355E4001ECD22 /* CoreLocation.framework in Frameworks */ = {isa = PBXBuildFile; fileRef = 095448791B6355E4001ECD22 /* CoreLocation.framework */; };
		0954487C1B6355ED001ECD22 /* QuartzCore.framework in Frameworks */ = {isa = PBXBuildFile; fileRef = 0954487B1B6355ED001ECD22 /* QuartzCore.framework */; };
		0954487E1B6355F4001ECD22 /* Security.framework in Frameworks */ = {isa = PBXBuildFile; fileRef = 0954487D1B6355F4001ECD22 /* Security.framework */; };
		095448801B6355FC001ECD22 /* StoreKit.framework in Frameworks */ = {isa = PBXBuildFile; fileRef = 0954487F1B6355FC001ECD22 /* StoreKit.framework */; };
		095448821B635603001ECD22 /* SystemConfiguration.framework in Frameworks */ = {isa = PBXBuildFile; fileRef = 095448811B635603001ECD22 /* SystemConfiguration.framework */; };
		095448841B63560A001ECD22 /* libz.dylib in Frameworks */ = {isa = PBXBuildFile; fileRef = 095448831B63560A001ECD22 /* libz.dylib */; };
		095448861B635613001ECD22 /* libsqlite3.dylib in Frameworks */ = {isa = PBXBuildFile; fileRef = 095448851B635613001ECD22 /* libsqlite3.dylib */; };
		0954488B1B63CB93001ECD22 /* Bolts.framework in Frameworks */ = {isa = PBXBuildFile; fileRef = 0954488A1B63CB93001ECD22 /* Bolts.framework */; };
		0954488D1B63CB9D001ECD22 /* Parse.framework in Frameworks */ = {isa = PBXBuildFile; fileRef = 0954488C1B63CB9D001ECD22 /* Parse.framework */; };
		4CEC81191B63C47A009DBC60 /* ProfileView.m in Sources */ = {isa = PBXBuildFile; fileRef = 4CEC81161B63C47A009DBC60 /* ProfileView.m */; };
		4CEC811A1B63C47A009DBC60 /* ProfileViewController.m in Sources */ = {isa = PBXBuildFile; fileRef = 4CEC81181B63C47A009DBC60 /* ProfileViewController.m */; };
		4CEC811F1B63C490009DBC60 /* IssueView.m in Sources */ = {isa = PBXBuildFile; fileRef = 4CEC811C1B63C490009DBC60 /* IssueView.m */; };
		4CEC81201B63C490009DBC60 /* IssueViewController.m in Sources */ = {isa = PBXBuildFile; fileRef = 4CEC811E1B63C490009DBC60 /* IssueViewController.m */; };
		4CEC812D1B63EEA0009DBC60 /* EventDetailsView.m in Sources */ = {isa = PBXBuildFile; fileRef = 4CEC812C1B63EEA0009DBC60 /* EventDetailsView.m */; };
		4CEC81311B63EF52009DBC60 /* IssueListingView.m in Sources */ = {isa = PBXBuildFile; fileRef = 4CEC81301B63EF52009DBC60 /* IssueListingView.m */; };
		4CEC81341B63EF61009DBC60 /* IssueListingViewController.m in Sources */ = {isa = PBXBuildFile; fileRef = 4CEC81331B63EF61009DBC60 /* IssueListingViewController.m */; };
		4CEC81361B63FDAA009DBC60 /* testImage.jpg in Resources */ = {isa = PBXBuildFile; fileRef = 4CEC81351B63FDAA009DBC60 /* testImage.jpg */; };
		4CEC813B1B64022A009DBC60 /* verified.png in Resources */ = {isa = PBXBuildFile; fileRef = 4CEC813A1B64022A009DBC60 /* verified.png */; };
		4CEC813F1B641608009DBC60 /* EventCreationView.m in Sources */ = {isa = PBXBuildFile; fileRef = 4CEC813E1B641608009DBC60 /* EventCreationView.m */; };
		4CEC81421B641611009DBC60 /* EventCreationViewController.m in Sources */ = {isa = PBXBuildFile; fileRef = 4CEC81411B641611009DBC60 /* EventCreationViewController.m */; };
		4CEC81441B641C59009DBC60 /* editImage.png in Resources */ = {isa = PBXBuildFile; fileRef = 4CEC81431B641C59009DBC60 /* editImage.png */; };
		4E5C61141B63521A00EC7D0A /* main.m in Sources */ = {isa = PBXBuildFile; fileRef = 4E5C61131B63521A00EC7D0A /* main.m */; };
		4E5C61171B63521A00EC7D0A /* AppDelegate.m in Sources */ = {isa = PBXBuildFile; fileRef = 4E5C61161B63521A00EC7D0A /* AppDelegate.m */; };
		4E5C611F1B63521A00EC7D0A /* Images.xcassets in Resources */ = {isa = PBXBuildFile; fileRef = 4E5C611E1B63521A00EC7D0A /* Images.xcassets */; };
		4E5C612E1B63521A00EC7D0A /* voltorpTests.m in Sources */ = {isa = PBXBuildFile; fileRef = 4E5C612D1B63521A00EC7D0A /* voltorpTests.m */; };
		4E5C61391B63602200EC7D0A /* RootViewController.m in Sources */ = {isa = PBXBuildFile; fileRef = 4E5C61381B63602200EC7D0A /* RootViewController.m */; };
		4E5C61491B63692700EC7D0A /* EventDetailsViewController.m in Sources */ = {isa = PBXBuildFile; fileRef = 4E5C61481B63692700EC7D0A /* EventDetailsViewController.m */; };
		4E5C614C1B63777C00EC7D0A /* BaseViewController.m in Sources */ = {isa = PBXBuildFile; fileRef = 4E5C614B1B63777C00EC7D0A /* BaseViewController.m */; };
		4E5C614E1B63794100EC7D0A /* Default-568h@2x.png in Resources */ = {isa = PBXBuildFile; fileRef = 4E5C614D1B63794100EC7D0A /* Default-568h@2x.png */; };
		4E5C61541B637B7300EC7D0A /* DiscoverViewController.m in Sources */ = {isa = PBXBuildFile; fileRef = 4E5C61531B637B7300EC7D0A /* DiscoverViewController.m */; };
		4E5C61571B637B8700EC7D0A /* SignUpViewController.m in Sources */ = {isa = PBXBuildFile; fileRef = 4E5C61561B637B8700EC7D0A /* SignUpViewController.m */; };
		4E5C61591B63A17F00EC7D0A /* Social.framework in Frameworks */ = {isa = PBXBuildFile; fileRef = 4E5C61581B63A17F00EC7D0A /* Social.framework */; };
		4E5C615B1B63A18800EC7D0A /* Accounts.framework in Frameworks */ = {isa = PBXBuildFile; fileRef = 4E5C615A1B63A18800EC7D0A /* Accounts.framework */; };
		4E5C615D1B63C2C100EC7D0A /* ViewTest.xib in Resources */ = {isa = PBXBuildFile; fileRef = 4E5C615C1B63C2C100EC7D0A /* ViewTest.xib */; };
		4E5C61641B63E58800EC7D0A /* ArchiveViewController.m in Sources */ = {isa = PBXBuildFile; fileRef = 4E5C61631B63E58800EC7D0A /* ArchiveViewController.m */; };
		4E5C61671B63E5DB00EC7D0A /* IssuesTabBarController.m in Sources */ = {isa = PBXBuildFile; fileRef = 4E5C61661B63E5DB00EC7D0A /* IssuesTabBarController.m */; };
		4E5C616A1B63E72200EC7D0A /* CurrentIssuesViewController.m in Sources */ = {isa = PBXBuildFile; fileRef = 4E5C61691B63E72200EC7D0A /* CurrentIssuesViewController.m */; };
		4E5C616D1B63EC1B00EC7D0A /* IssuesBaseViewController.m in Sources */ = {isa = PBXBuildFile; fileRef = 4E5C616C1B63EC1B00EC7D0A /* IssuesBaseViewController.m */; };
		4E5C616E1B6423F200EC7D0A /* SignUpView.m in Sources */ = {isa = PBXBuildFile; fileRef = 0954488F1B63CBDE001ECD22 /* SignUpView.m */; };
		83B3312915ED51E5FB47D7D8 /* libPods.a in Frameworks */ = {isa = PBXBuildFile; fileRef = 515CC45633EAB096220F37B6 /* libPods.a */; };
/* End PBXBuildFile section */

/* Begin PBXContainerItemProxy section */
		4E5C61281B63521A00EC7D0A /* PBXContainerItemProxy */ = {
			isa = PBXContainerItemProxy;
			containerPortal = 4E5C61061B63521A00EC7D0A /* Project object */;
			proxyType = 1;
			remoteGlobalIDString = 4E5C610D1B63521A00EC7D0A;
			remoteInfo = voltorp;
		};
/* End PBXContainerItemProxy section */

/* Begin PBXFileReference section */
		095448731B6355D4001ECD22 /* AudioToolbox.framework */ = {isa = PBXFileReference; lastKnownFileType = wrapper.framework; name = AudioToolbox.framework; path = System/Library/Frameworks/AudioToolbox.framework; sourceTree = SDKROOT; };
		095448751B6355D9001ECD22 /* CFNetwork.framework */ = {isa = PBXFileReference; lastKnownFileType = wrapper.framework; name = CFNetwork.framework; path = System/Library/Frameworks/CFNetwork.framework; sourceTree = SDKROOT; };
		095448771B6355DF001ECD22 /* CoreGraphics.framework */ = {isa = PBXFileReference; lastKnownFileType = wrapper.framework; name = CoreGraphics.framework; path = System/Library/Frameworks/CoreGraphics.framework; sourceTree = SDKROOT; };
		095448791B6355E4001ECD22 /* CoreLocation.framework */ = {isa = PBXFileReference; lastKnownFileType = wrapper.framework; name = CoreLocation.framework; path = System/Library/Frameworks/CoreLocation.framework; sourceTree = SDKROOT; };
		0954487B1B6355ED001ECD22 /* QuartzCore.framework */ = {isa = PBXFileReference; lastKnownFileType = wrapper.framework; name = QuartzCore.framework; path = System/Library/Frameworks/QuartzCore.framework; sourceTree = SDKROOT; };
		0954487D1B6355F4001ECD22 /* Security.framework */ = {isa = PBXFileReference; lastKnownFileType = wrapper.framework; name = Security.framework; path = System/Library/Frameworks/Security.framework; sourceTree = SDKROOT; };
		0954487F1B6355FC001ECD22 /* StoreKit.framework */ = {isa = PBXFileReference; lastKnownFileType = wrapper.framework; name = StoreKit.framework; path = System/Library/Frameworks/StoreKit.framework; sourceTree = SDKROOT; };
		095448811B635603001ECD22 /* SystemConfiguration.framework */ = {isa = PBXFileReference; lastKnownFileType = wrapper.framework; name = SystemConfiguration.framework; path = System/Library/Frameworks/SystemConfiguration.framework; sourceTree = SDKROOT; };
		095448831B63560A001ECD22 /* libz.dylib */ = {isa = PBXFileReference; lastKnownFileType = "compiled.mach-o.dylib"; name = libz.dylib; path = usr/lib/libz.dylib; sourceTree = SDKROOT; };
		095448851B635613001ECD22 /* libsqlite3.dylib */ = {isa = PBXFileReference; lastKnownFileType = "compiled.mach-o.dylib"; name = libsqlite3.dylib; path = usr/lib/libsqlite3.dylib; sourceTree = SDKROOT; };
		0954488A1B63CB93001ECD22 /* Bolts.framework */ = {isa = PBXFileReference; lastKnownFileType = wrapper.framework; path = Bolts.framework; sourceTree = "<group>"; };
		0954488C1B63CB9D001ECD22 /* Parse.framework */ = {isa = PBXFileReference; lastKnownFileType = wrapper.framework; path = Parse.framework; sourceTree = "<group>"; };
		0954488E1B63CBDE001ECD22 /* SignUpView.h */ = {isa = PBXFileReference; fileEncoding = 4; lastKnownFileType = sourcecode.c.h; path = SignUpView.h; sourceTree = "<group>"; };
		0954488F1B63CBDE001ECD22 /* SignUpView.m */ = {isa = PBXFileReference; fileEncoding = 4; lastKnownFileType = sourcecode.c.objc; path = SignUpView.m; sourceTree = "<group>"; };
		0A4C6EFD5AB00A06AF29EA89 /* Pods.release.xcconfig */ = {isa = PBXFileReference; includeInIndex = 1; lastKnownFileType = text.xcconfig; name = Pods.release.xcconfig; path = "Pods/Target Support Files/Pods/Pods.release.xcconfig"; sourceTree = "<group>"; };
		3149BAFA3A76FA4F0768548E /* Pods.debug.xcconfig */ = {isa = PBXFileReference; includeInIndex = 1; lastKnownFileType = text.xcconfig; name = Pods.debug.xcconfig; path = "Pods/Target Support Files/Pods/Pods.debug.xcconfig"; sourceTree = "<group>"; };
		4CEC81151B63C47A009DBC60 /* ProfileView.h */ = {isa = PBXFileReference; fileEncoding = 4; lastKnownFileType = sourcecode.c.h; path = ProfileView.h; sourceTree = "<group>"; };
		4CEC81161B63C47A009DBC60 /* ProfileView.m */ = {isa = PBXFileReference; fileEncoding = 4; lastKnownFileType = sourcecode.c.objc; path = ProfileView.m; sourceTree = "<group>"; };
		4CEC81171B63C47A009DBC60 /* ProfileViewController.h */ = {isa = PBXFileReference; fileEncoding = 4; lastKnownFileType = sourcecode.c.h; path = ProfileViewController.h; sourceTree = "<group>"; };
		4CEC81181B63C47A009DBC60 /* ProfileViewController.m */ = {isa = PBXFileReference; fileEncoding = 4; lastKnownFileType = sourcecode.c.objc; path = ProfileViewController.m; sourceTree = "<group>"; };
		4CEC811B1B63C490009DBC60 /* IssueView.h */ = {isa = PBXFileReference; fileEncoding = 4; lastKnownFileType = sourcecode.c.h; path = IssueView.h; sourceTree = "<group>"; };
		4CEC811C1B63C490009DBC60 /* IssueView.m */ = {isa = PBXFileReference; fileEncoding = 4; lastKnownFileType = sourcecode.c.objc; path = IssueView.m; sourceTree = "<group>"; };
		4CEC811D1B63C490009DBC60 /* IssueViewController.h */ = {isa = PBXFileReference; fileEncoding = 4; lastKnownFileType = sourcecode.c.h; path = IssueViewController.h; sourceTree = "<group>"; };
		4CEC811E1B63C490009DBC60 /* IssueViewController.m */ = {isa = PBXFileReference; fileEncoding = 4; lastKnownFileType = sourcecode.c.objc; path = IssueViewController.m; sourceTree = "<group>"; };
		4CEC812B1B63EEA0009DBC60 /* EventDetailsView.h */ = {isa = PBXFileReference; fileEncoding = 4; lastKnownFileType = sourcecode.c.h; path = EventDetailsView.h; sourceTree = "<group>"; };
		4CEC812C1B63EEA0009DBC60 /* EventDetailsView.m */ = {isa = PBXFileReference; fileEncoding = 4; lastKnownFileType = sourcecode.c.objc; path = EventDetailsView.m; sourceTree = "<group>"; };
		4CEC812F1B63EF52009DBC60 /* IssueListingView.h */ = {isa = PBXFileReference; fileEncoding = 4; lastKnownFileType = sourcecode.c.h; path = IssueListingView.h; sourceTree = "<group>"; };
		4CEC81301B63EF52009DBC60 /* IssueListingView.m */ = {isa = PBXFileReference; fileEncoding = 4; lastKnownFileType = sourcecode.c.objc; path = IssueListingView.m; sourceTree = "<group>"; };
		4CEC81321B63EF61009DBC60 /* IssueListingViewController.h */ = {isa = PBXFileReference; fileEncoding = 4; lastKnownFileType = sourcecode.c.h; path = IssueListingViewController.h; sourceTree = "<group>"; };
		4CEC81331B63EF61009DBC60 /* IssueListingViewController.m */ = {isa = PBXFileReference; fileEncoding = 4; lastKnownFileType = sourcecode.c.objc; path = IssueListingViewController.m; sourceTree = "<group>"; };
		4CEC81351B63FDAA009DBC60 /* testImage.jpg */ = {isa = PBXFileReference; lastKnownFileType = image.jpeg; path = testImage.jpg; sourceTree = "<group>"; };
		4CEC813A1B64022A009DBC60 /* verified.png */ = {isa = PBXFileReference; lastKnownFileType = image.png; path = verified.png; sourceTree = "<group>"; };
		4CEC813D1B641608009DBC60 /* EventCreationView.h */ = {isa = PBXFileReference; fileEncoding = 4; lastKnownFileType = sourcecode.c.h; path = EventCreationView.h; sourceTree = "<group>"; };
		4CEC813E1B641608009DBC60 /* EventCreationView.m */ = {isa = PBXFileReference; fileEncoding = 4; lastKnownFileType = sourcecode.c.objc; path = EventCreationView.m; sourceTree = "<group>"; };
		4CEC81401B641611009DBC60 /* EventCreationViewController.h */ = {isa = PBXFileReference; fileEncoding = 4; lastKnownFileType = sourcecode.c.h; path = EventCreationViewController.h; sourceTree = "<group>"; };
		4CEC81411B641611009DBC60 /* EventCreationViewController.m */ = {isa = PBXFileReference; fileEncoding = 4; lastKnownFileType = sourcecode.c.objc; path = EventCreationViewController.m; sourceTree = "<group>"; };
		4CEC81431B641C59009DBC60 /* editImage.png */ = {isa = PBXFileReference; lastKnownFileType = image.png; path = editImage.png; sourceTree = "<group>"; };
		4E5C610E1B63521A00EC7D0A /* voltorp.app */ = {isa = PBXFileReference; explicitFileType = wrapper.application; includeInIndex = 0; path = voltorp.app; sourceTree = BUILT_PRODUCTS_DIR; };
		4E5C61121B63521A00EC7D0A /* Info.plist */ = {isa = PBXFileReference; lastKnownFileType = text.plist.xml; path = Info.plist; sourceTree = "<group>"; };
		4E5C61131B63521A00EC7D0A /* main.m */ = {isa = PBXFileReference; lastKnownFileType = sourcecode.c.objc; path = main.m; sourceTree = "<group>"; };
		4E5C61151B63521A00EC7D0A /* AppDelegate.h */ = {isa = PBXFileReference; lastKnownFileType = sourcecode.c.h; path = AppDelegate.h; sourceTree = "<group>"; };
		4E5C61161B63521A00EC7D0A /* AppDelegate.m */ = {isa = PBXFileReference; lastKnownFileType = sourcecode.c.objc; path = AppDelegate.m; sourceTree = "<group>"; };
		4E5C611E1B63521A00EC7D0A /* Images.xcassets */ = {isa = PBXFileReference; lastKnownFileType = folder.assetcatalog; path = Images.xcassets; sourceTree = "<group>"; };
		4E5C61271B63521A00EC7D0A /* voltorpTests.xctest */ = {isa = PBXFileReference; explicitFileType = wrapper.cfbundle; includeInIndex = 0; path = voltorpTests.xctest; sourceTree = BUILT_PRODUCTS_DIR; };
		4E5C612C1B63521A00EC7D0A /* Info.plist */ = {isa = PBXFileReference; lastKnownFileType = text.plist.xml; path = Info.plist; sourceTree = "<group>"; };
		4E5C612D1B63521A00EC7D0A /* voltorpTests.m */ = {isa = PBXFileReference; lastKnownFileType = sourcecode.c.objc; path = voltorpTests.m; sourceTree = "<group>"; };
		4E5C61371B63602200EC7D0A /* RootViewController.h */ = {isa = PBXFileReference; fileEncoding = 4; lastKnownFileType = sourcecode.c.h; name = RootViewController.h; path = voltorp/RootViewController.h; sourceTree = "<group>"; };
		4E5C61381B63602200EC7D0A /* RootViewController.m */ = {isa = PBXFileReference; fileEncoding = 4; lastKnownFileType = sourcecode.c.objc; name = RootViewController.m; path = voltorp/RootViewController.m; sourceTree = "<group>"; };
		4E5C61471B63692700EC7D0A /* EventDetailsViewController.h */ = {isa = PBXFileReference; fileEncoding = 4; lastKnownFileType = sourcecode.c.h; path = EventDetailsViewController.h; sourceTree = "<group>"; };
		4E5C61481B63692700EC7D0A /* EventDetailsViewController.m */ = {isa = PBXFileReference; fileEncoding = 4; lastKnownFileType = sourcecode.c.objc; path = EventDetailsViewController.m; sourceTree = "<group>"; };
		4E5C614A1B63777C00EC7D0A /* BaseViewController.h */ = {isa = PBXFileReference; fileEncoding = 4; lastKnownFileType = sourcecode.c.h; path = BaseViewController.h; sourceTree = "<group>"; };
		4E5C614B1B63777C00EC7D0A /* BaseViewController.m */ = {isa = PBXFileReference; fileEncoding = 4; lastKnownFileType = sourcecode.c.objc; path = BaseViewController.m; sourceTree = "<group>"; };
		4E5C614D1B63794100EC7D0A /* Default-568h@2x.png */ = {isa = PBXFileReference; lastKnownFileType = image.png; path = "Default-568h@2x.png"; sourceTree = "<group>"; };
		4E5C61521B637B7300EC7D0A /* DiscoverViewController.h */ = {isa = PBXFileReference; fileEncoding = 4; lastKnownFileType = sourcecode.c.h; path = DiscoverViewController.h; sourceTree = "<group>"; };
		4E5C61531B637B7300EC7D0A /* DiscoverViewController.m */ = {isa = PBXFileReference; fileEncoding = 4; lastKnownFileType = sourcecode.c.objc; path = DiscoverViewController.m; sourceTree = "<group>"; };
		4E5C61551B637B8700EC7D0A /* SignUpViewController.h */ = {isa = PBXFileReference; fileEncoding = 4; lastKnownFileType = sourcecode.c.h; path = SignUpViewController.h; sourceTree = "<group>"; };
		4E5C61561B637B8700EC7D0A /* SignUpViewController.m */ = {isa = PBXFileReference; fileEncoding = 4; lastKnownFileType = sourcecode.c.objc; path = SignUpViewController.m; sourceTree = "<group>"; };
		4E5C61581B63A17F00EC7D0A /* Social.framework */ = {isa = PBXFileReference; lastKnownFileType = wrapper.framework; name = Social.framework; path = System/Library/Frameworks/Social.framework; sourceTree = SDKROOT; };
		4E5C615A1B63A18800EC7D0A /* Accounts.framework */ = {isa = PBXFileReference; lastKnownFileType = wrapper.framework; name = Accounts.framework; path = System/Library/Frameworks/Accounts.framework; sourceTree = SDKROOT; };
		4E5C615C1B63C2C100EC7D0A /* ViewTest.xib */ = {isa = PBXFileReference; fileEncoding = 4; lastKnownFileType = file.xib; path = ViewTest.xib; sourceTree = "<group>"; };
		4E5C61621B63E58800EC7D0A /* ArchiveViewController.h */ = {isa = PBXFileReference; fileEncoding = 4; lastKnownFileType = sourcecode.c.h; path = ArchiveViewController.h; sourceTree = "<group>"; };
		4E5C61631B63E58800EC7D0A /* ArchiveViewController.m */ = {isa = PBXFileReference; fileEncoding = 4; lastKnownFileType = sourcecode.c.objc; path = ArchiveViewController.m; sourceTree = "<group>"; };
		4E5C61651B63E5DB00EC7D0A /* IssuesTabBarController.h */ = {isa = PBXFileReference; fileEncoding = 4; lastKnownFileType = sourcecode.c.h; path = IssuesTabBarController.h; sourceTree = "<group>"; };
		4E5C61661B63E5DB00EC7D0A /* IssuesTabBarController.m */ = {isa = PBXFileReference; fileEncoding = 4; lastKnownFileType = sourcecode.c.objc; path = IssuesTabBarController.m; sourceTree = "<group>"; };
		4E5C61681B63E72200EC7D0A /* CurrentIssuesViewController.h */ = {isa = PBXFileReference; fileEncoding = 4; lastKnownFileType = sourcecode.c.h; path = CurrentIssuesViewController.h; sourceTree = "<group>"; };
		4E5C61691B63E72200EC7D0A /* CurrentIssuesViewController.m */ = {isa = PBXFileReference; fileEncoding = 4; lastKnownFileType = sourcecode.c.objc; path = CurrentIssuesViewController.m; sourceTree = "<group>"; };
		4E5C616B1B63EC1B00EC7D0A /* IssuesBaseViewController.h */ = {isa = PBXFileReference; fileEncoding = 4; lastKnownFileType = sourcecode.c.h; path = IssuesBaseViewController.h; sourceTree = "<group>"; };
		4E5C616C1B63EC1B00EC7D0A /* IssuesBaseViewController.m */ = {isa = PBXFileReference; fileEncoding = 4; lastKnownFileType = sourcecode.c.objc; path = IssuesBaseViewController.m; sourceTree = "<group>"; };
		515CC45633EAB096220F37B6 /* libPods.a */ = {isa = PBXFileReference; explicitFileType = archive.ar; includeInIndex = 0; path = libPods.a; sourceTree = BUILT_PRODUCTS_DIR; };
/* End PBXFileReference section */

/* Begin PBXFrameworksBuildPhase section */
		4E5C610B1B63521A00EC7D0A /* Frameworks */ = {
			isa = PBXFrameworksBuildPhase;
			buildActionMask = 2147483647;
			files = (
				4E5C615B1B63A18800EC7D0A /* Accounts.framework in Frameworks */,
				4E5C61591B63A17F00EC7D0A /* Social.framework in Frameworks */,
				095448861B635613001ECD22 /* libsqlite3.dylib in Frameworks */,
				095448841B63560A001ECD22 /* libz.dylib in Frameworks */,
				0954488D1B63CB9D001ECD22 /* Parse.framework in Frameworks */,
				095448821B635603001ECD22 /* SystemConfiguration.framework in Frameworks */,
				095448801B6355FC001ECD22 /* StoreKit.framework in Frameworks */,
				0954487E1B6355F4001ECD22 /* Security.framework in Frameworks */,
				0954487C1B6355ED001ECD22 /* QuartzCore.framework in Frameworks */,
				0954487A1B6355E4001ECD22 /* CoreLocation.framework in Frameworks */,
				095448781B6355DF001ECD22 /* CoreGraphics.framework in Frameworks */,
				095448761B6355D9001ECD22 /* CFNetwork.framework in Frameworks */,
				095448741B6355D4001ECD22 /* AudioToolbox.framework in Frameworks */,
				83B3312915ED51E5FB47D7D8 /* libPods.a in Frameworks */,
				0954488B1B63CB93001ECD22 /* Bolts.framework in Frameworks */,
			);
			runOnlyForDeploymentPostprocessing = 0;
		};
		4E5C61241B63521A00EC7D0A /* Frameworks */ = {
			isa = PBXFrameworksBuildPhase;
			buildActionMask = 2147483647;
			files = (
			);
			runOnlyForDeploymentPostprocessing = 0;
		};
/* End PBXFrameworksBuildPhase section */

/* Begin PBXGroup section */
		095448721B63547C001ECD22 /* Frameworks */ = {
			isa = PBXGroup;
			children = (
				0954488C1B63CB9D001ECD22 /* Parse.framework */,
				0954488A1B63CB93001ECD22 /* Bolts.framework */,
				4E5C615A1B63A18800EC7D0A /* Accounts.framework */,
				4E5C61581B63A17F00EC7D0A /* Social.framework */,
				095448851B635613001ECD22 /* libsqlite3.dylib */,
				095448831B63560A001ECD22 /* libz.dylib */,
				095448811B635603001ECD22 /* SystemConfiguration.framework */,
				0954487F1B6355FC001ECD22 /* StoreKit.framework */,
				0954487D1B6355F4001ECD22 /* Security.framework */,
				0954487B1B6355ED001ECD22 /* QuartzCore.framework */,
				095448791B6355E4001ECD22 /* CoreLocation.framework */,
				095448771B6355DF001ECD22 /* CoreGraphics.framework */,
				095448751B6355D9001ECD22 /* CFNetwork.framework */,
				095448731B6355D4001ECD22 /* AudioToolbox.framework */,
				515CC45633EAB096220F37B6 /* libPods.a */,
			);
			name = Frameworks;
			path = voltorp;
			sourceTree = "<group>";
		};
		411D2E53875BF1535272CE34 /* Pods */ = {
			isa = PBXGroup;
			children = (
				3149BAFA3A76FA4F0768548E /* Pods.debug.xcconfig */,
				0A4C6EFD5AB00A06AF29EA89 /* Pods.release.xcconfig */,
			);
			name = Pods;
			sourceTree = "<group>";
		};
		4CEC81141B63C468009DBC60 /* Issue Creation */ = {
			isa = PBXGroup;
			children = (
				4CEC811B1B63C490009DBC60 /* IssueView.h */,
				4CEC811C1B63C490009DBC60 /* IssueView.m */,
				4CEC811D1B63C490009DBC60 /* IssueViewController.h */,
				4CEC811E1B63C490009DBC60 /* IssueViewController.m */,
			);
			name = "Issue Creation";
			sourceTree = "<group>";
		};
		4CEC81211B63D026009DBC60 /* Helpers */ = {
			isa = PBXGroup;
			children = (
			);
			name = Helpers;
			sourceTree = "<group>";
		};
		4CEC812E1B63EF43009DBC60 /* Issue Listing */ = {
			isa = PBXGroup;
			children = (
				4CEC81301B63EF52009DBC60 /* IssueListingView.m */,
				4CEC812F1B63EF52009DBC60 /* IssueListingView.h */,
				4CEC81321B63EF61009DBC60 /* IssueListingViewController.h */,
				4CEC81331B63EF61009DBC60 /* IssueListingViewController.m */,
			);
			name = "Issue Listing";
			sourceTree = "<group>";
		};
		4CEC813C1B6415F1009DBC60 /* Event Creation */ = {
			isa = PBXGroup;
			children = (
				4CEC813D1B641608009DBC60 /* EventCreationView.h */,
				4CEC813E1B641608009DBC60 /* EventCreationView.m */,
				4CEC81401B641611009DBC60 /* EventCreationViewController.h */,
				4CEC81411B641611009DBC60 /* EventCreationViewController.m */,
			);
			name = "Event Creation";
			sourceTree = "<group>";
		};
		4E5C61051B63521A00EC7D0A = {
			isa = PBXGroup;
			children = (
				4E5C614D1B63794100EC7D0A /* Default-568h@2x.png */,
				095448721B63547C001ECD22 /* Frameworks */,
				4E5C61101B63521A00EC7D0A /* voltorp */,
				4E5C612A1B63521A00EC7D0A /* voltorpTests */,
				4E5C610F1B63521A00EC7D0A /* Products */,
				411D2E53875BF1535272CE34 /* Pods */,
			);
			sourceTree = "<group>";
		};
		4E5C610F1B63521A00EC7D0A /* Products */ = {
			isa = PBXGroup;
			children = (
				4E5C610E1B63521A00EC7D0A /* voltorp.app */,
				4E5C61271B63521A00EC7D0A /* voltorpTests.xctest */,
			);
			name = Products;
			sourceTree = "<group>";
		};
		4E5C61101B63521A00EC7D0A /* voltorp */ = {
			isa = PBXGroup;
			children = (
				4CEC81431B641C59009DBC60 /* editImage.png */,
				4CEC813A1B64022A009DBC60 /* verified.png */,
				4CEC81351B63FDAA009DBC60 /* testImage.jpg */,
				4E5C61611B63E56700EC7D0A /* Archived Issues */,
				4CEC81211B63D026009DBC60 /* Helpers */,
				4CEC812E1B63EF43009DBC60 /* Issue Listing */,
				4CEC81141B63C468009DBC60 /* Issue Creation */,
				4E5C613A1B63603E00EC7D0A /* Main View Controller */,
				4E5C614A1B63777C00EC7D0A /* BaseViewController.h */,
				4E5C614B1B63777C00EC7D0A /* BaseViewController.m */,
				4CEC813C1B6415F1009DBC60 /* Event Creation */,
				4E5C61401B63635000EC7D0A /* Event Details */,
				4E5C613F1B63634800EC7D0A /* Discover  */,
				4E5C613E1B63633100EC7D0A /* Sign Up / Log In */,
				4E5C613D1B63631500EC7D0A /* Profile */,
				4E5C61151B63521A00EC7D0A /* AppDelegate.h */,
				4E5C61161B63521A00EC7D0A /* AppDelegate.m */,
				4E5C611E1B63521A00EC7D0A /* Images.xcassets */,
				4E5C61111B63521A00EC7D0A /* Supporting Files */,
			);
			path = voltorp;
			sourceTree = "<group>";
		};
		4E5C61111B63521A00EC7D0A /* Supporting Files */ = {
			isa = PBXGroup;
			children = (
				4E5C61121B63521A00EC7D0A /* Info.plist */,
				4E5C61131B63521A00EC7D0A /* main.m */,
			);
			name = "Supporting Files";
			sourceTree = "<group>";
		};
		4E5C612A1B63521A00EC7D0A /* voltorpTests */ = {
			isa = PBXGroup;
			children = (
				4E5C612D1B63521A00EC7D0A /* voltorpTests.m */,
				4E5C612B1B63521A00EC7D0A /* Supporting Files */,
			);
			path = voltorpTests;
			sourceTree = "<group>";
		};
		4E5C612B1B63521A00EC7D0A /* Supporting Files */ = {
			isa = PBXGroup;
			children = (
				4E5C612C1B63521A00EC7D0A /* Info.plist */,
			);
			name = "Supporting Files";
			sourceTree = "<group>";
		};
		4E5C613A1B63603E00EC7D0A /* Main View Controller */ = {
			isa = PBXGroup;
			children = (
				4E5C61371B63602200EC7D0A /* RootViewController.h */,
				4E5C61381B63602200EC7D0A /* RootViewController.m */,
			);
			name = "Main View Controller";
			path = ..;
			sourceTree = "<group>";
		};
		4E5C613D1B63631500EC7D0A /* Profile */ = {
			isa = PBXGroup;
			children = (
				4CEC81151B63C47A009DBC60 /* ProfileView.h */,
				4CEC81161B63C47A009DBC60 /* ProfileView.m */,
				4CEC81171B63C47A009DBC60 /* ProfileViewController.h */,
				4CEC81181B63C47A009DBC60 /* ProfileViewController.m */,
			);
			name = Profile;
			sourceTree = "<group>";
		};
		4E5C613E1B63633100EC7D0A /* Sign Up / Log In */ = {
			isa = PBXGroup;
			children = (
				4E5C61551B637B8700EC7D0A /* SignUpViewController.h */,
				4E5C61561B637B8700EC7D0A /* SignUpViewController.m */,
				0954488E1B63CBDE001ECD22 /* SignUpView.h */,
				0954488F1B63CBDE001ECD22 /* SignUpView.m */,
			);
			name = "Sign Up / Log In";
			sourceTree = "<group>";
		};
		4E5C613F1B63634800EC7D0A /* Discover  */ = {
			isa = PBXGroup;
			children = (
				4E5C61521B637B7300EC7D0A /* DiscoverViewController.h */,
				4E5C61531B637B7300EC7D0A /* DiscoverViewController.m */,
				4E5C615C1B63C2C100EC7D0A /* ViewTest.xib */,
			);
			name = "Discover ";
			sourceTree = "<group>";
		};
		4E5C61401B63635000EC7D0A /* Event Details */ = {
			isa = PBXGroup;
			children = (
				4E5C61471B63692700EC7D0A /* EventDetailsViewController.h */,
				4E5C61481B63692700EC7D0A /* EventDetailsViewController.m */,
				4CEC812B1B63EEA0009DBC60 /* EventDetailsView.h */,
				4CEC812C1B63EEA0009DBC60 /* EventDetailsView.m */,
			);
			name = "Event Details";
			sourceTree = "<group>";
		};
		4E5C61611B63E56700EC7D0A /* Archived Issues */ = {
			isa = PBXGroup;
			children = (
				4E5C61621B63E58800EC7D0A /* ArchiveViewController.h */,
				4E5C61631B63E58800EC7D0A /* ArchiveViewController.m */,
				4E5C61681B63E72200EC7D0A /* CurrentIssuesViewController.h */,
				4E5C61691B63E72200EC7D0A /* CurrentIssuesViewController.m */,
				4E5C61651B63E5DB00EC7D0A /* IssuesTabBarController.h */,
				4E5C61661B63E5DB00EC7D0A /* IssuesTabBarController.m */,
				4E5C616B1B63EC1B00EC7D0A /* IssuesBaseViewController.h */,
				4E5C616C1B63EC1B00EC7D0A /* IssuesBaseViewController.m */,
			);
			name = "Archived Issues";
			sourceTree = "<group>";
		};
/* End PBXGroup section */

/* Begin PBXNativeTarget section */
		4E5C610D1B63521A00EC7D0A /* voltorp */ = {
			isa = PBXNativeTarget;
			buildConfigurationList = 4E5C61311B63521A00EC7D0A /* Build configuration list for PBXNativeTarget "voltorp" */;
			buildPhases = (
				BB0277E6DF46B4B4FA9FE6CF /* Check Pods Manifest.lock */,
				4E5C610A1B63521A00EC7D0A /* Sources */,
				4E5C610B1B63521A00EC7D0A /* Frameworks */,
				4E5C610C1B63521A00EC7D0A /* Resources */,
				F672F8930BF112E87D26FE23 /* Copy Pods Resources */,
			);
			buildRules = (
			);
			dependencies = (
			);
			name = voltorp;
			productName = voltorp;
			productReference = 4E5C610E1B63521A00EC7D0A /* voltorp.app */;
			productType = "com.apple.product-type.application";
		};
		4E5C61261B63521A00EC7D0A /* voltorpTests */ = {
			isa = PBXNativeTarget;
			buildConfigurationList = 4E5C61341B63521A00EC7D0A /* Build configuration list for PBXNativeTarget "voltorpTests" */;
			buildPhases = (
				4E5C61231B63521A00EC7D0A /* Sources */,
				4E5C61241B63521A00EC7D0A /* Frameworks */,
				4E5C61251B63521A00EC7D0A /* Resources */,
			);
			buildRules = (
			);
			dependencies = (
				4E5C61291B63521A00EC7D0A /* PBXTargetDependency */,
			);
			name = voltorpTests;
			productName = voltorpTests;
			productReference = 4E5C61271B63521A00EC7D0A /* voltorpTests.xctest */;
			productType = "com.apple.product-type.bundle.unit-test";
		};
/* End PBXNativeTarget section */

/* Begin PBXProject section */
		4E5C61061B63521A00EC7D0A /* Project object */ = {
			isa = PBXProject;
			attributes = {
				LastUpgradeCheck = 0630;
				ORGANIZATIONNAME = Yeohmen;
				TargetAttributes = {
					4E5C610D1B63521A00EC7D0A = {
						CreatedOnToolsVersion = 6.3.2;
					};
					4E5C61261B63521A00EC7D0A = {
						CreatedOnToolsVersion = 6.3.2;
						TestTargetID = 4E5C610D1B63521A00EC7D0A;
					};
				};
			};
			buildConfigurationList = 4E5C61091B63521A00EC7D0A /* Build configuration list for PBXProject "voltorp" */;
			compatibilityVersion = "Xcode 3.2";
			developmentRegion = English;
			hasScannedForEncodings = 0;
			knownRegions = (
				en,
				Base,
			);
			mainGroup = 4E5C61051B63521A00EC7D0A;
			productRefGroup = 4E5C610F1B63521A00EC7D0A /* Products */;
			projectDirPath = "";
			projectRoot = "";
			targets = (
				4E5C610D1B63521A00EC7D0A /* voltorp */,
				4E5C61261B63521A00EC7D0A /* voltorpTests */,
			);
		};
/* End PBXProject section */

/* Begin PBXResourcesBuildPhase section */
		4E5C610C1B63521A00EC7D0A /* Resources */ = {
			isa = PBXResourcesBuildPhase;
			buildActionMask = 2147483647;
			files = (
				4E5C615D1B63C2C100EC7D0A /* ViewTest.xib in Resources */,
				4CEC81441B641C59009DBC60 /* editImage.png in Resources */,
				4E5C611F1B63521A00EC7D0A /* Images.xcassets in Resources */,
				4CEC81361B63FDAA009DBC60 /* testImage.jpg in Resources */,
				4E5C614E1B63794100EC7D0A /* Default-568h@2x.png in Resources */,
				4CEC813B1B64022A009DBC60 /* verified.png in Resources */,
			);
			runOnlyForDeploymentPostprocessing = 0;
		};
		4E5C61251B63521A00EC7D0A /* Resources */ = {
			isa = PBXResourcesBuildPhase;
			buildActionMask = 2147483647;
			files = (
			);
			runOnlyForDeploymentPostprocessing = 0;
		};
/* End PBXResourcesBuildPhase section */

/* Begin PBXShellScriptBuildPhase section */
		BB0277E6DF46B4B4FA9FE6CF /* Check Pods Manifest.lock */ = {
			isa = PBXShellScriptBuildPhase;
			buildActionMask = 2147483647;
			files = (
			);
			inputPaths = (
			);
			name = "Check Pods Manifest.lock";
			outputPaths = (
			);
			runOnlyForDeploymentPostprocessing = 0;
			shellPath = /bin/sh;
			shellScript = "diff \"${PODS_ROOT}/../Podfile.lock\" \"${PODS_ROOT}/Manifest.lock\" > /dev/null\nif [[ $? != 0 ]] ; then\n    cat << EOM\nerror: The sandbox is not in sync with the Podfile.lock. Run 'pod install' or update your CocoaPods installation.\nEOM\n    exit 1\nfi\n";
			showEnvVarsInLog = 0;
		};
		F672F8930BF112E87D26FE23 /* Copy Pods Resources */ = {
			isa = PBXShellScriptBuildPhase;
			buildActionMask = 2147483647;
			files = (
			);
			inputPaths = (
			);
			name = "Copy Pods Resources";
			outputPaths = (
			);
			runOnlyForDeploymentPostprocessing = 0;
			shellPath = /bin/sh;
			shellScript = "\"${SRCROOT}/Pods/Target Support Files/Pods/Pods-resources.sh\"\n";
			showEnvVarsInLog = 0;
		};
/* End PBXShellScriptBuildPhase section */

/* Begin PBXSourcesBuildPhase section */
		4E5C610A1B63521A00EC7D0A /* Sources */ = {
			isa = PBXSourcesBuildPhase;
			buildActionMask = 2147483647;
			files = (
				4E5C616E1B6423F200EC7D0A /* SignUpView.m in Sources */,
				4CEC813F1B641608009DBC60 /* EventCreationView.m in Sources */,
				4CEC81341B63EF61009DBC60 /* IssueListingViewController.m in Sources */,
				4CEC81191B63C47A009DBC60 /* ProfileView.m in Sources */,
				4CEC81311B63EF52009DBC60 /* IssueListingView.m in Sources */,
				4E5C61641B63E58800EC7D0A /* ArchiveViewController.m in Sources */,
				4E5C61491B63692700EC7D0A /* EventDetailsViewController.m in Sources */,
				4CEC811F1B63C490009DBC60 /* IssueView.m in Sources */,
				4E5C61541B637B7300EC7D0A /* DiscoverViewController.m in Sources */,
				4E5C61671B63E5DB00EC7D0A /* IssuesTabBarController.m in Sources */,
				4E5C616A1B63E72200EC7D0A /* CurrentIssuesViewController.m in Sources */,
				095448901B63CBDE001ECD22 /* SignUpView.m in Sources */,
				4CEC81421B641611009DBC60 /* EventCreationViewController.m in Sources */,
				4E5C61171B63521A00EC7D0A /* AppDelegate.m in Sources */,
				4E5C61391B63602200EC7D0A /* RootViewController.m in Sources */,
				4E5C61571B637B8700EC7D0A /* SignUpViewController.m in Sources */,
				4CEC812D1B63EEA0009DBC60 /* EventDetailsView.m in Sources */,
				4E5C614C1B63777C00EC7D0A /* BaseViewController.m in Sources */,
				4CEC811A1B63C47A009DBC60 /* ProfileViewController.m in Sources */,
				4E5C61141B63521A00EC7D0A /* main.m in Sources */,
				4E5C616D1B63EC1B00EC7D0A /* IssuesBaseViewController.m in Sources */,
				4CEC81201B63C490009DBC60 /* IssueViewController.m in Sources */,
			);
			runOnlyForDeploymentPostprocessing = 0;
		};
		4E5C61231B63521A00EC7D0A /* Sources */ = {
			isa = PBXSourcesBuildPhase;
			buildActionMask = 2147483647;
			files = (
				4E5C612E1B63521A00EC7D0A /* voltorpTests.m in Sources */,
			);
			runOnlyForDeploymentPostprocessing = 0;
		};
/* End PBXSourcesBuildPhase section */

/* Begin PBXTargetDependency section */
		4E5C61291B63521A00EC7D0A /* PBXTargetDependency */ = {
			isa = PBXTargetDependency;
			target = 4E5C610D1B63521A00EC7D0A /* voltorp */;
			targetProxy = 4E5C61281B63521A00EC7D0A /* PBXContainerItemProxy */;
		};
/* End PBXTargetDependency section */

/* Begin XCBuildConfiguration section */
		4E5C612F1B63521A00EC7D0A /* Debug */ = {
			isa = XCBuildConfiguration;
			buildSettings = {
				ALWAYS_SEARCH_USER_PATHS = NO;
				CLANG_CXX_LANGUAGE_STANDARD = "gnu++0x";
				CLANG_CXX_LIBRARY = "libc++";
				CLANG_ENABLE_MODULES = YES;
				CLANG_ENABLE_OBJC_ARC = YES;
				CLANG_WARN_BOOL_CONVERSION = YES;
				CLANG_WARN_CONSTANT_CONVERSION = YES;
				CLANG_WARN_DIRECT_OBJC_ISA_USAGE = YES_ERROR;
				CLANG_WARN_EMPTY_BODY = YES;
				CLANG_WARN_ENUM_CONVERSION = YES;
				CLANG_WARN_INT_CONVERSION = YES;
				CLANG_WARN_OBJC_ROOT_CLASS = YES_ERROR;
				CLANG_WARN_UNREACHABLE_CODE = YES;
				CLANG_WARN__DUPLICATE_METHOD_MATCH = YES;
				"CODE_SIGN_IDENTITY[sdk=iphoneos*]" = "iPhone Developer";
				COPY_PHASE_STRIP = NO;
				DEBUG_INFORMATION_FORMAT = "dwarf-with-dsym";
				ENABLE_STRICT_OBJC_MSGSEND = YES;
				GCC_C_LANGUAGE_STANDARD = gnu99;
				GCC_DYNAMIC_NO_PIC = NO;
				GCC_NO_COMMON_BLOCKS = YES;
				GCC_OPTIMIZATION_LEVEL = 0;
				GCC_PREPROCESSOR_DEFINITIONS = (
					"DEBUG=1",
					"$(inherited)",
				);
				GCC_SYMBOLS_PRIVATE_EXTERN = NO;
				GCC_WARN_64_TO_32_BIT_CONVERSION = YES;
				GCC_WARN_ABOUT_RETURN_TYPE = YES_ERROR;
				GCC_WARN_UNDECLARED_SELECTOR = YES;
				GCC_WARN_UNINITIALIZED_AUTOS = YES_AGGRESSIVE;
				GCC_WARN_UNUSED_FUNCTION = YES;
				GCC_WARN_UNUSED_VARIABLE = YES;
				IPHONEOS_DEPLOYMENT_TARGET = 8.1;
				MTL_ENABLE_DEBUG_INFO = YES;
				ONLY_ACTIVE_ARCH = YES;
				SDKROOT = iphoneos;
			};
			name = Debug;
		};
		4E5C61301B63521A00EC7D0A /* Release */ = {
			isa = XCBuildConfiguration;
			buildSettings = {
				ALWAYS_SEARCH_USER_PATHS = NO;
				CLANG_CXX_LANGUAGE_STANDARD = "gnu++0x";
				CLANG_CXX_LIBRARY = "libc++";
				CLANG_ENABLE_MODULES = YES;
				CLANG_ENABLE_OBJC_ARC = YES;
				CLANG_WARN_BOOL_CONVERSION = YES;
				CLANG_WARN_CONSTANT_CONVERSION = YES;
				CLANG_WARN_DIRECT_OBJC_ISA_USAGE = YES_ERROR;
				CLANG_WARN_EMPTY_BODY = YES;
				CLANG_WARN_ENUM_CONVERSION = YES;
				CLANG_WARN_INT_CONVERSION = YES;
				CLANG_WARN_OBJC_ROOT_CLASS = YES_ERROR;
				CLANG_WARN_UNREACHABLE_CODE = YES;
				CLANG_WARN__DUPLICATE_METHOD_MATCH = YES;
				"CODE_SIGN_IDENTITY[sdk=iphoneos*]" = "iPhone Developer";
				COPY_PHASE_STRIP = NO;
				DEBUG_INFORMATION_FORMAT = "dwarf-with-dsym";
				ENABLE_NS_ASSERTIONS = NO;
				ENABLE_STRICT_OBJC_MSGSEND = YES;
				GCC_C_LANGUAGE_STANDARD = gnu99;
				GCC_NO_COMMON_BLOCKS = YES;
				GCC_WARN_64_TO_32_BIT_CONVERSION = YES;
				GCC_WARN_ABOUT_RETURN_TYPE = YES_ERROR;
				GCC_WARN_UNDECLARED_SELECTOR = YES;
				GCC_WARN_UNINITIALIZED_AUTOS = YES_AGGRESSIVE;
				GCC_WARN_UNUSED_FUNCTION = YES;
				GCC_WARN_UNUSED_VARIABLE = YES;
				IPHONEOS_DEPLOYMENT_TARGET = 8.1;
				MTL_ENABLE_DEBUG_INFO = NO;
				ONLY_ACTIVE_ARCH = YES;
				SDKROOT = iphoneos;
				VALIDATE_PRODUCT = YES;
			};
			name = Release;
		};
		4E5C61321B63521A00EC7D0A /* Debug */ = {
			isa = XCBuildConfiguration;
			baseConfigurationReference = 3149BAFA3A76FA4F0768548E /* Pods.debug.xcconfig */;
			buildSettings = {
				ASSETCATALOG_COMPILER_APPICON_NAME = AppIcon;
				FRAMEWORK_SEARCH_PATHS = (
					"$(inherited)",
					"$(PROJECT_DIR)/voltorp",
				);
				INFOPLIST_FILE = voltorp/Info.plist;
				IPHONEOS_DEPLOYMENT_TARGET = 8.1;
				LD_RUNPATH_SEARCH_PATHS = "$(inherited) @executable_path/Frameworks";
				ONLY_ACTIVE_ARCH = YES;
				PRODUCT_NAME = "$(TARGET_NAME)";
			};
			name = Debug;
		};
		4E5C61331B63521A00EC7D0A /* Release */ = {
			isa = XCBuildConfiguration;
			baseConfigurationReference = 0A4C6EFD5AB00A06AF29EA89 /* Pods.release.xcconfig */;
			buildSettings = {
				ASSETCATALOG_COMPILER_APPICON_NAME = AppIcon;
				FRAMEWORK_SEARCH_PATHS = (
					"$(inherited)",
					"$(PROJECT_DIR)/voltorp",
				);
				INFOPLIST_FILE = voltorp/Info.plist;
				IPHONEOS_DEPLOYMENT_TARGET = 8.1;
				LD_RUNPATH_SEARCH_PATHS = "$(inherited) @executable_path/Frameworks";
				ONLY_ACTIVE_ARCH = YES;
				PRODUCT_NAME = "$(TARGET_NAME)";
			};
			name = Release;
		};
		4E5C61351B63521A00EC7D0A /* Debug */ = {
			isa = XCBuildConfiguration;
			buildSettings = {
				BUNDLE_LOADER = "$(TEST_HOST)";
				FRAMEWORK_SEARCH_PATHS = (
					"$(SDKROOT)/Developer/Library/Frameworks",
					"$(inherited)",
				);
				GCC_PREPROCESSOR_DEFINITIONS = (
					"DEBUG=1",
					"$(inherited)",
				);
				INFOPLIST_FILE = voltorpTests/Info.plist;
				LD_RUNPATH_SEARCH_PATHS = "$(inherited) @executable_path/Frameworks @loader_path/Frameworks";
				ONLY_ACTIVE_ARCH = YES;
				PRODUCT_NAME = "$(TARGET_NAME)";
				TEST_HOST = "$(BUILT_PRODUCTS_DIR)/voltorp.app/voltorp";
			};
			name = Debug;
		};
		4E5C61361B63521A00EC7D0A /* Release */ = {
			isa = XCBuildConfiguration;
			buildSettings = {
				BUNDLE_LOADER = "$(TEST_HOST)";
				FRAMEWORK_SEARCH_PATHS = (
					"$(SDKROOT)/Developer/Library/Frameworks",
					"$(inherited)",
				);
				INFOPLIST_FILE = voltorpTests/Info.plist;
				LD_RUNPATH_SEARCH_PATHS = "$(inherited) @executable_path/Frameworks @loader_path/Frameworks";
				ONLY_ACTIVE_ARCH = YES;
				PRODUCT_NAME = "$(TARGET_NAME)";
				TEST_HOST = "$(BUILT_PRODUCTS_DIR)/voltorp.app/voltorp";
			};
			name = Release;
		};
/* End XCBuildConfiguration section */

/* Begin XCConfigurationList section */
		4E5C61091B63521A00EC7D0A /* Build configuration list for PBXProject "voltorp" */ = {
			isa = XCConfigurationList;
			buildConfigurations = (
				4E5C612F1B63521A00EC7D0A /* Debug */,
				4E5C61301B63521A00EC7D0A /* Release */,
			);
			defaultConfigurationIsVisible = 0;
			defaultConfigurationName = Release;
		};
		4E5C61311B63521A00EC7D0A /* Build configuration list for PBXNativeTarget "voltorp" */ = {
			isa = XCConfigurationList;
			buildConfigurations = (
				4E5C61321B63521A00EC7D0A /* Debug */,
				4E5C61331B63521A00EC7D0A /* Release */,
			);
			defaultConfigurationIsVisible = 0;
			defaultConfigurationName = Release;
		};
		4E5C61341B63521A00EC7D0A /* Build configuration list for PBXNativeTarget "voltorpTests" */ = {
			isa = XCConfigurationList;
			buildConfigurations = (
				4E5C61351B63521A00EC7D0A /* Debug */,
				4E5C61361B63521A00EC7D0A /* Release */,
			);
			defaultConfigurationIsVisible = 0;
			defaultConfigurationName = Release;
		};
/* End XCConfigurationList section */
	};
	rootObject = 4E5C61061B63521A00EC7D0A /* Project object */;
}
